
Microsoft Visual Studio Solution File, Format Version 12.00
Project("{FAE04EC0-301F-11D3-BF4B-00C04F79EFBC}") = "EspManagerWebServer", "EspManagerWebServer\EspManagerWebServer.csproj", "{49ED71E1-42B4-4F9D-B4EC-3AA2B67A9D16}"
EndProject
Project("{FAE04EC0-301F-11D3-BF4B-00C04F79EFBC}") = "ESP32DataCollector", "..\ESP32DataCollect\ESP32DataCollector\ESP32DataCollector.csproj", "{14570FC7-D246-4205-BBE3-E82614DA2E2E}"
EndProject
Project("{FAE04EC0-301F-11D3-BF4B-00C04F79EFBC}") = "ESPModels", "ESPModels\ESPModels.csproj", "{27848AF2-DBE0-4558-8E9E-80D7C385EA61}"
EndProject
Project("{FAE04EC0-301F-11D3-BF4B-00C04F79EFBC}") = "DatabaseLibrary", "DatabaseLibrary\DatabaseLibrary.csproj", "{9490D059-012E-41B9-B21F-AF404E42FA44}"
EndProject
Project("{FAE04EC0-301F-11D3-BF4B-00C04F79EFBC}") = "Esp32DataCollector.Test", "..\Esp32DataCollector.Test\Esp32DataCollector.Test\Esp32DataCollector.Test.csproj", "{637531F9-5833-4928-AB89-BFC0A634DE30}"
EndProject
Global
	GlobalSection(SolutionConfigurationPlatforms) = preSolution
		Debug|Any CPU = Debug|Any CPU
		Release|Any CPU = Release|Any CPU
	EndGlobalSection
	GlobalSection(ProjectConfigurationPlatforms) = postSolution
		{49ED71E1-42B4-4F9D-B4EC-3AA2B67A9D16}.Debug|Any CPU.ActiveCfg = Debug|Any CPU
		{49ED71E1-42B4-4F9D-B4EC-3AA2B67A9D16}.Debug|Any CPU.Build.0 = Debug|Any CPU
		{49ED71E1-42B4-4F9D-B4EC-3AA2B67A9D16}.Release|Any CPU.ActiveCfg = Release|Any CPU
		{49ED71E1-42B4-4F9D-B4EC-3AA2B67A9D16}.Release|Any CPU.Build.0 = Release|Any CPU
		{14570FC7-D246-4205-BBE3-E82614DA2E2E}.Debug|Any CPU.ActiveCfg = Debug|Any CPU
		{14570FC7-D246-4205-BBE3-E82614DA2E2E}.Debug|Any CPU.Build.0 = Debug|Any CPU
		{14570FC7-D246-4205-BBE3-E82614DA2E2E}.Release|Any CPU.ActiveCfg = Release|Any CPU
		{14570FC7-D246-4205-BBE3-E82614DA2E2E}.Release|Any CPU.Build.0 = Release|Any CPU
		{27848AF2-DBE0-4558-8E9E-80D7C385EA61}.Debug|Any CPU.ActiveCfg = Debug|Any CPU
		{27848AF2-DBE0-4558-8E9E-80D7C385EA61}.Debug|Any CPU.Build.0 = Debug|Any CPU
		{27848AF2-DBE0-4558-8E9E-80D7C385EA61}.Release|Any CPU.ActiveCfg = Release|Any CPU
		{27848AF2-DBE0-4558-8E9E-80D7C385EA61}.Release|Any CPU.Build.0 = Release|Any CPU
		{9490D059-012E-41B9-B21F-AF404E42FA44}.Debug|Any CPU.ActiveCfg = Debug|Any CPU
		{9490D059-012E-41B9-B21F-AF404E42FA44}.Debug|Any CPU.Build.0 = Debug|Any CPU
		{9490D059-012E-41B9-B21F-AF404E42FA44}.Release|Any CPU.ActiveCfg = Release|Any CPU
		{9490D059-012E-41B9-B21F-AF404E42FA44}.Release|Any CPU.Build.0 = Release|Any CPU
		{637531F9-5833-4928-AB89-BFC0A634DE30}.Debug|Any CPU.ActiveCfg = Debug|Any CPU
		{637531F9-5833-4928-AB89-BFC0A634DE30}.Debug|Any CPU.Build.0 = Debug|Any CPU
		{637531F9-5833-4928-AB89-BFC0A634DE30}.Release|Any CPU.ActiveCfg = Release|Any CPU
		{637531F9-5833-4928-AB89-BFC0A634DE30}.Release|Any CPU.Build.0 = Release|Any CPU
	EndGlobalSection
EndGlobal
